
Microsoft Visual Studio Solution File, Format Version 12.00
# Visual Studio Version 16
VisualStudioVersion = 16.0.29318.209
MinimumVisualStudioVersion = 10.0.40219.1
Project("{9A19103F-16F7-4668-BE54-9A1E7A4F7556}") = "IoT.Agent", "IoT.Agent\IoT.Agent.csproj", "{850D1A46-757C-4D3C-A173-1EBE690424C8}"
EndProject
Project("{9A19103F-16F7-4668-BE54-9A1E7A4F7556}") = "IoT.Shared", "IoT.Shared\IoT.Shared.csproj", "{C66B6DDF-0ABC-476A-AC81-0465691F7214}"
EndProject
Project("{9A19103F-16F7-4668-BE54-9A1E7A4F7556}") = "IoT.EventBus", "IoT.EventBus\IoT.EventBus.csproj", "{DC7F32A5-D2F4-4DC6-88B1-FA8A16472F9F}"
EndProject
Global
	GlobalSection(SolutionConfigurationPlatforms) = preSolution
		Debug|Any CPU = Debug|Any CPU
		DebugPi|Any CPU = DebugPi|Any CPU
		Release|Any CPU = Release|Any CPU
	EndGlobalSection
	GlobalSection(ProjectConfigurationPlatforms) = postSolution
		{850D1A46-757C-4D3C-A173-1EBE690424C8}.Debug|Any CPU.ActiveCfg = Debug|Any CPU
		{850D1A46-757C-4D3C-A173-1EBE690424C8}.Debug|Any CPU.Build.0 = Debug|Any CPU
		{850D1A46-757C-4D3C-A173-1EBE690424C8}.DebugPi|Any CPU.ActiveCfg = DebugPi|Any CPU
		{850D1A46-757C-4D3C-A173-1EBE690424C8}.DebugPi|Any CPU.Build.0 = DebugPi|Any CPU
		{850D1A46-757C-4D3C-A173-1EBE690424C8}.Release|Any CPU.ActiveCfg = Release|Any CPU
		{850D1A46-757C-4D3C-A173-1EBE690424C8}.Release|Any CPU.Build.0 = Release|Any CPU
		{C66B6DDF-0ABC-476A-AC81-0465691F7214}.Debug|Any CPU.ActiveCfg = Debug|Any CPU
		{C66B6DDF-0ABC-476A-AC81-0465691F7214}.Debug|Any CPU.Build.0 = Debug|Any CPU
		{C66B6DDF-0ABC-476A-AC81-0465691F7214}.DebugPi|Any CPU.ActiveCfg = DebugPi|Any CPU
		{C66B6DDF-0ABC-476A-AC81-0465691F7214}.DebugPi|Any CPU.Build.0 = DebugPi|Any CPU
		{C66B6DDF-0ABC-476A-AC81-0465691F7214}.Release|Any CPU.ActiveCfg = Release|Any CPU
		{C66B6DDF-0ABC-476A-AC81-0465691F7214}.Release|Any CPU.Build.0 = Release|Any CPU
		{DC7F32A5-D2F4-4DC6-88B1-FA8A16472F9F}.Debug|Any CPU.ActiveCfg = Debug|Any CPU
		{DC7F32A5-D2F4-4DC6-88B1-FA8A16472F9F}.Debug|Any CPU.Build.0 = Debug|Any CPU
		{DC7F32A5-D2F4-4DC6-88B1-FA8A16472F9F}.DebugPi|Any CPU.ActiveCfg = DebugPi|Any CPU
		{DC7F32A5-D2F4-4DC6-88B1-FA8A16472F9F}.DebugPi|Any CPU.Build.0 = DebugPi|Any CPU
		{DC7F32A5-D2F4-4DC6-88B1-FA8A16472F9F}.Release|Any CPU.ActiveCfg = Release|Any CPU
		{DC7F32A5-D2F4-4DC6-88B1-FA8A16472F9F}.Release|Any CPU.Build.0 = Release|Any CPU
	EndGlobalSection
	GlobalSection(SolutionProperties) = preSolution
		HideSolutionNode = FALSE
	EndGlobalSection
	GlobalSection(ExtensibilityGlobals) = postSolution
		SolutionGuid = {10E08313-410C-45F9-9BD2-D32C55F207B8}
	EndGlobalSection
EndGlobal
