
Microsoft Visual Studio Solution File, Format Version 12.00
# Visual Studio Version 16
VisualStudioVersion = 16.0.29318.209
MinimumVisualStudioVersion = 10.0.40219.1
Project("{9A19103F-16F7-4668-BE54-9A1E7A4F7556}") = "IoT.Shared", "IoT.Shared\IoT.Shared.csproj", "{C66B6DDF-0ABC-476A-AC81-0465691F7214}"
EndProject
Project("{9A19103F-16F7-4668-BE54-9A1E7A4F7556}") = "IoT.EventBus", "IoT.EventBus\IoT.EventBus.csproj", "{DC7F32A5-D2F4-4DC6-88B1-FA8A16472F9F}"
EndProject
Project("{FAE04EC0-301F-11D3-BF4B-00C04F79EFBC}") = "Iot.Agent.Mobile.UWP", "Mobile\Iot.Agent.Mobile\Iot.Agent.Mobile.UWP\Iot.Agent.Mobile.UWP.csproj", "{0D715A5A-F2DB-4F03-B04B-4755C58EFDDF}"
EndProject
Project("{FAE04EC0-301F-11D3-BF4B-00C04F79EFBC}") = "Iot.Agent.Mobile.Android", "Mobile\Iot.Agent.Mobile\Iot.Agent.Mobile.Android\Iot.Agent.Mobile.Android.csproj", "{115D52CD-9D59-481F-9209-74BDA222416A}"
EndProject
Project("{FAE04EC0-301F-11D3-BF4B-00C04F79EFBC}") = "Iot.Agent.Mobile.iOS", "Mobile\Iot.Agent.Mobile\Iot.Agent.Mobile.iOS\Iot.Agent.Mobile.iOS.csproj", "{BA8CD737-E8D1-4FF2-90A6-696D407C468D}"
EndProject
Project("{9A19103F-16F7-4668-BE54-9A1E7A4F7556}") = "Iot.Agent.Mobile", "Mobile\Iot.Agent.Mobile\Iot.Agent.Mobile\Iot.Agent.Mobile.csproj", "{AB305376-5148-412A-805E-CF19349CDC22}"
EndProject
Global
	GlobalSection(SolutionConfigurationPlatforms) = preSolution
		Debug|Any CPU = Debug|Any CPU
		Debug|ARM = Debug|ARM
		Debug|iPhone = Debug|iPhone
		Debug|iPhoneSimulator = Debug|iPhoneSimulator
		Debug|x64 = Debug|x64
		Debug|x86 = Debug|x86
		DebugPi|Any CPU = DebugPi|Any CPU
		DebugPi|ARM = DebugPi|ARM
		DebugPi|iPhone = DebugPi|iPhone
		DebugPi|iPhoneSimulator = DebugPi|iPhoneSimulator
		DebugPi|x64 = DebugPi|x64
		DebugPi|x86 = DebugPi|x86
		Release|Any CPU = Release|Any CPU
		Release|ARM = Release|ARM
		Release|iPhone = Release|iPhone
		Release|iPhoneSimulator = Release|iPhoneSimulator
		Release|x64 = Release|x64
		Release|x86 = Release|x86
	EndGlobalSection
	GlobalSection(ProjectConfigurationPlatforms) = postSolution
		{C66B6DDF-0ABC-476A-AC81-0465691F7214}.Debug|Any CPU.ActiveCfg = Debug|Any CPU
		{C66B6DDF-0ABC-476A-AC81-0465691F7214}.Debug|Any CPU.Build.0 = Debug|Any CPU
		{C66B6DDF-0ABC-476A-AC81-0465691F7214}.Debug|ARM.ActiveCfg = Debug|Any CPU
		{C66B6DDF-0ABC-476A-AC81-0465691F7214}.Debug|ARM.Build.0 = Debug|Any CPU
		{C66B6DDF-0ABC-476A-AC81-0465691F7214}.Debug|iPhone.ActiveCfg = Debug|Any CPU
		{C66B6DDF-0ABC-476A-AC81-0465691F7214}.Debug|iPhone.Build.0 = Debug|Any CPU
		{C66B6DDF-0ABC-476A-AC81-0465691F7214}.Debug|iPhoneSimulator.ActiveCfg = Debug|Any CPU
		{C66B6DDF-0ABC-476A-AC81-0465691F7214}.Debug|iPhoneSimulator.Build.0 = Debug|Any CPU
		{C66B6DDF-0ABC-476A-AC81-0465691F7214}.Debug|x64.ActiveCfg = Debug|Any CPU
		{C66B6DDF-0ABC-476A-AC81-0465691F7214}.Debug|x64.Build.0 = Debug|Any CPU
		{C66B6DDF-0ABC-476A-AC81-0465691F7214}.Debug|x86.ActiveCfg = Debug|Any CPU
		{C66B6DDF-0ABC-476A-AC81-0465691F7214}.Debug|x86.Build.0 = Debug|Any CPU
		{C66B6DDF-0ABC-476A-AC81-0465691F7214}.DebugPi|Any CPU.ActiveCfg = DebugPi|Any CPU
		{C66B6DDF-0ABC-476A-AC81-0465691F7214}.DebugPi|Any CPU.Build.0 = DebugPi|Any CPU
		{C66B6DDF-0ABC-476A-AC81-0465691F7214}.DebugPi|ARM.ActiveCfg = DebugPi|Any CPU
		{C66B6DDF-0ABC-476A-AC81-0465691F7214}.DebugPi|ARM.Build.0 = DebugPi|Any CPU
		{C66B6DDF-0ABC-476A-AC81-0465691F7214}.DebugPi|iPhone.ActiveCfg = DebugPi|Any CPU
		{C66B6DDF-0ABC-476A-AC81-0465691F7214}.DebugPi|iPhone.Build.0 = DebugPi|Any CPU
		{C66B6DDF-0ABC-476A-AC81-0465691F7214}.DebugPi|iPhoneSimulator.ActiveCfg = DebugPi|Any CPU
		{C66B6DDF-0ABC-476A-AC81-0465691F7214}.DebugPi|iPhoneSimulator.Build.0 = DebugPi|Any CPU
		{C66B6DDF-0ABC-476A-AC81-0465691F7214}.DebugPi|x64.ActiveCfg = DebugPi|Any CPU
		{C66B6DDF-0ABC-476A-AC81-0465691F7214}.DebugPi|x64.Build.0 = DebugPi|Any CPU
		{C66B6DDF-0ABC-476A-AC81-0465691F7214}.DebugPi|x86.ActiveCfg = DebugPi|Any CPU
		{C66B6DDF-0ABC-476A-AC81-0465691F7214}.DebugPi|x86.Build.0 = DebugPi|Any CPU
		{C66B6DDF-0ABC-476A-AC81-0465691F7214}.Release|Any CPU.ActiveCfg = Release|Any CPU
		{C66B6DDF-0ABC-476A-AC81-0465691F7214}.Release|Any CPU.Build.0 = Release|Any CPU
		{C66B6DDF-0ABC-476A-AC81-0465691F7214}.Release|ARM.ActiveCfg = Release|Any CPU
		{C66B6DDF-0ABC-476A-AC81-0465691F7214}.Release|ARM.Build.0 = Release|Any CPU
		{C66B6DDF-0ABC-476A-AC81-0465691F7214}.Release|iPhone.ActiveCfg = Release|Any CPU
		{C66B6DDF-0ABC-476A-AC81-0465691F7214}.Release|iPhone.Build.0 = Release|Any CPU
		{C66B6DDF-0ABC-476A-AC81-0465691F7214}.Release|iPhoneSimulator.ActiveCfg = Release|Any CPU
		{C66B6DDF-0ABC-476A-AC81-0465691F7214}.Release|iPhoneSimulator.Build.0 = Release|Any CPU
		{C66B6DDF-0ABC-476A-AC81-0465691F7214}.Release|x64.ActiveCfg = Release|Any CPU
		{C66B6DDF-0ABC-476A-AC81-0465691F7214}.Release|x64.Build.0 = Release|Any CPU
		{C66B6DDF-0ABC-476A-AC81-0465691F7214}.Release|x86.ActiveCfg = Release|Any CPU
		{C66B6DDF-0ABC-476A-AC81-0465691F7214}.Release|x86.Build.0 = Release|Any CPU
		{DC7F32A5-D2F4-4DC6-88B1-FA8A16472F9F}.Debug|Any CPU.ActiveCfg = Debug|Any CPU
		{DC7F32A5-D2F4-4DC6-88B1-FA8A16472F9F}.Debug|Any CPU.Build.0 = Debug|Any CPU
		{DC7F32A5-D2F4-4DC6-88B1-FA8A16472F9F}.Debug|ARM.ActiveCfg = Debug|Any CPU
		{DC7F32A5-D2F4-4DC6-88B1-FA8A16472F9F}.Debug|ARM.Build.0 = Debug|Any CPU
		{DC7F32A5-D2F4-4DC6-88B1-FA8A16472F9F}.Debug|iPhone.ActiveCfg = Debug|Any CPU
		{DC7F32A5-D2F4-4DC6-88B1-FA8A16472F9F}.Debug|iPhone.Build.0 = Debug|Any CPU
		{DC7F32A5-D2F4-4DC6-88B1-FA8A16472F9F}.Debug|iPhoneSimulator.ActiveCfg = Debug|Any CPU
		{DC7F32A5-D2F4-4DC6-88B1-FA8A16472F9F}.Debug|iPhoneSimulator.Build.0 = Debug|Any CPU
		{DC7F32A5-D2F4-4DC6-88B1-FA8A16472F9F}.Debug|x64.ActiveCfg = Debug|Any CPU
		{DC7F32A5-D2F4-4DC6-88B1-FA8A16472F9F}.Debug|x64.Build.0 = Debug|Any CPU
		{DC7F32A5-D2F4-4DC6-88B1-FA8A16472F9F}.Debug|x86.ActiveCfg = Debug|Any CPU
		{DC7F32A5-D2F4-4DC6-88B1-FA8A16472F9F}.Debug|x86.Build.0 = Debug|Any CPU
		{DC7F32A5-D2F4-4DC6-88B1-FA8A16472F9F}.DebugPi|Any CPU.ActiveCfg = DebugPi|Any CPU
		{DC7F32A5-D2F4-4DC6-88B1-FA8A16472F9F}.DebugPi|Any CPU.Build.0 = DebugPi|Any CPU
		{DC7F32A5-D2F4-4DC6-88B1-FA8A16472F9F}.DebugPi|ARM.ActiveCfg = DebugPi|Any CPU
		{DC7F32A5-D2F4-4DC6-88B1-FA8A16472F9F}.DebugPi|ARM.Build.0 = DebugPi|Any CPU
		{DC7F32A5-D2F4-4DC6-88B1-FA8A16472F9F}.DebugPi|iPhone.ActiveCfg = DebugPi|Any CPU
		{DC7F32A5-D2F4-4DC6-88B1-FA8A16472F9F}.DebugPi|iPhone.Build.0 = DebugPi|Any CPU
		{DC7F32A5-D2F4-4DC6-88B1-FA8A16472F9F}.DebugPi|iPhoneSimulator.ActiveCfg = DebugPi|Any CPU
		{DC7F32A5-D2F4-4DC6-88B1-FA8A16472F9F}.DebugPi|iPhoneSimulator.Build.0 = DebugPi|Any CPU
		{DC7F32A5-D2F4-4DC6-88B1-FA8A16472F9F}.DebugPi|x64.ActiveCfg = DebugPi|Any CPU
		{DC7F32A5-D2F4-4DC6-88B1-FA8A16472F9F}.DebugPi|x64.Build.0 = DebugPi|Any CPU
		{DC7F32A5-D2F4-4DC6-88B1-FA8A16472F9F}.DebugPi|x86.ActiveCfg = DebugPi|Any CPU
		{DC7F32A5-D2F4-4DC6-88B1-FA8A16472F9F}.DebugPi|x86.Build.0 = DebugPi|Any CPU
		{DC7F32A5-D2F4-4DC6-88B1-FA8A16472F9F}.Release|Any CPU.ActiveCfg = Release|Any CPU
		{DC7F32A5-D2F4-4DC6-88B1-FA8A16472F9F}.Release|Any CPU.Build.0 = Release|Any CPU
		{DC7F32A5-D2F4-4DC6-88B1-FA8A16472F9F}.Release|ARM.ActiveCfg = Release|Any CPU
		{DC7F32A5-D2F4-4DC6-88B1-FA8A16472F9F}.Release|ARM.Build.0 = Release|Any CPU
		{DC7F32A5-D2F4-4DC6-88B1-FA8A16472F9F}.Release|iPhone.ActiveCfg = Release|Any CPU
		{DC7F32A5-D2F4-4DC6-88B1-FA8A16472F9F}.Release|iPhone.Build.0 = Release|Any CPU
		{DC7F32A5-D2F4-4DC6-88B1-FA8A16472F9F}.Release|iPhoneSimulator.ActiveCfg = Release|Any CPU
		{DC7F32A5-D2F4-4DC6-88B1-FA8A16472F9F}.Release|iPhoneSimulator.Build.0 = Release|Any CPU
		{DC7F32A5-D2F4-4DC6-88B1-FA8A16472F9F}.Release|x64.ActiveCfg = Release|Any CPU
		{DC7F32A5-D2F4-4DC6-88B1-FA8A16472F9F}.Release|x64.Build.0 = Release|Any CPU
		{DC7F32A5-D2F4-4DC6-88B1-FA8A16472F9F}.Release|x86.ActiveCfg = Release|Any CPU
		{DC7F32A5-D2F4-4DC6-88B1-FA8A16472F9F}.Release|x86.Build.0 = Release|Any CPU
		{0D715A5A-F2DB-4F03-B04B-4755C58EFDDF}.Debug|Any CPU.ActiveCfg = Debug|x86
		{0D715A5A-F2DB-4F03-B04B-4755C58EFDDF}.Debug|Any CPU.Deploy.0 = Debug|x86
		{0D715A5A-F2DB-4F03-B04B-4755C58EFDDF}.Debug|ARM.ActiveCfg = Debug|ARM
		{0D715A5A-F2DB-4F03-B04B-4755C58EFDDF}.Debug|ARM.Build.0 = Debug|ARM
		{0D715A5A-F2DB-4F03-B04B-4755C58EFDDF}.Debug|ARM.Deploy.0 = Debug|ARM
		{0D715A5A-F2DB-4F03-B04B-4755C58EFDDF}.Debug|iPhone.ActiveCfg = Debug|x86
		{0D715A5A-F2DB-4F03-B04B-4755C58EFDDF}.Debug|iPhoneSimulator.ActiveCfg = Debug|x86
		{0D715A5A-F2DB-4F03-B04B-4755C58EFDDF}.Debug|x64.ActiveCfg = Debug|x64
		{0D715A5A-F2DB-4F03-B04B-4755C58EFDDF}.Debug|x64.Build.0 = Debug|x64
		{0D715A5A-F2DB-4F03-B04B-4755C58EFDDF}.Debug|x64.Deploy.0 = Debug|x64
		{0D715A5A-F2DB-4F03-B04B-4755C58EFDDF}.Debug|x86.ActiveCfg = Debug|x86
		{0D715A5A-F2DB-4F03-B04B-4755C58EFDDF}.Debug|x86.Build.0 = Debug|x86
		{0D715A5A-F2DB-4F03-B04B-4755C58EFDDF}.Debug|x86.Deploy.0 = Debug|x86
		{0D715A5A-F2DB-4F03-B04B-4755C58EFDDF}.DebugPi|Any CPU.ActiveCfg = Release|x86
		{0D715A5A-F2DB-4F03-B04B-4755C58EFDDF}.DebugPi|Any CPU.Build.0 = Release|x86
		{0D715A5A-F2DB-4F03-B04B-4755C58EFDDF}.DebugPi|Any CPU.Deploy.0 = Release|x86
		{0D715A5A-F2DB-4F03-B04B-4755C58EFDDF}.DebugPi|ARM.ActiveCfg = Debug|ARM
		{0D715A5A-F2DB-4F03-B04B-4755C58EFDDF}.DebugPi|ARM.Build.0 = Debug|ARM
		{0D715A5A-F2DB-4F03-B04B-4755C58EFDDF}.DebugPi|ARM.Deploy.0 = Debug|ARM
		{0D715A5A-F2DB-4F03-B04B-4755C58EFDDF}.DebugPi|iPhone.ActiveCfg = Release|x86
		{0D715A5A-F2DB-4F03-B04B-4755C58EFDDF}.DebugPi|iPhone.Build.0 = Release|x86
		{0D715A5A-F2DB-4F03-B04B-4755C58EFDDF}.DebugPi|iPhone.Deploy.0 = Release|x86
		{0D715A5A-F2DB-4F03-B04B-4755C58EFDDF}.DebugPi|iPhoneSimulator.ActiveCfg = Release|x86
		{0D715A5A-F2DB-4F03-B04B-4755C58EFDDF}.DebugPi|iPhoneSimulator.Build.0 = Release|x86
		{0D715A5A-F2DB-4F03-B04B-4755C58EFDDF}.DebugPi|iPhoneSimulator.Deploy.0 = Release|x86
		{0D715A5A-F2DB-4F03-B04B-4755C58EFDDF}.DebugPi|x64.ActiveCfg = Debug|x64
		{0D715A5A-F2DB-4F03-B04B-4755C58EFDDF}.DebugPi|x64.Build.0 = Debug|x64
		{0D715A5A-F2DB-4F03-B04B-4755C58EFDDF}.DebugPi|x64.Deploy.0 = Debug|x64
		{0D715A5A-F2DB-4F03-B04B-4755C58EFDDF}.DebugPi|x86.ActiveCfg = Debug|x86
		{0D715A5A-F2DB-4F03-B04B-4755C58EFDDF}.DebugPi|x86.Build.0 = Debug|x86
		{0D715A5A-F2DB-4F03-B04B-4755C58EFDDF}.DebugPi|x86.Deploy.0 = Debug|x86
		{0D715A5A-F2DB-4F03-B04B-4755C58EFDDF}.Release|Any CPU.ActiveCfg = Release|x86
		{0D715A5A-F2DB-4F03-B04B-4755C58EFDDF}.Release|ARM.ActiveCfg = Release|ARM
		{0D715A5A-F2DB-4F03-B04B-4755C58EFDDF}.Release|ARM.Build.0 = Release|ARM
		{0D715A5A-F2DB-4F03-B04B-4755C58EFDDF}.Release|ARM.Deploy.0 = Release|ARM
		{0D715A5A-F2DB-4F03-B04B-4755C58EFDDF}.Release|iPhone.ActiveCfg = Release|x86
		{0D715A5A-F2DB-4F03-B04B-4755C58EFDDF}.Release|iPhoneSimulator.ActiveCfg = Release|x86
		{0D715A5A-F2DB-4F03-B04B-4755C58EFDDF}.Release|x64.ActiveCfg = Release|x64
		{0D715A5A-F2DB-4F03-B04B-4755C58EFDDF}.Release|x64.Build.0 = Release|x64
		{0D715A5A-F2DB-4F03-B04B-4755C58EFDDF}.Release|x64.Deploy.0 = Release|x64
		{0D715A5A-F2DB-4F03-B04B-4755C58EFDDF}.Release|x86.ActiveCfg = Release|x86
		{0D715A5A-F2DB-4F03-B04B-4755C58EFDDF}.Release|x86.Build.0 = Release|x86
		{0D715A5A-F2DB-4F03-B04B-4755C58EFDDF}.Release|x86.Deploy.0 = Release|x86
		{115D52CD-9D59-481F-9209-74BDA222416A}.Debug|Any CPU.ActiveCfg = Debug|Any CPU
		{115D52CD-9D59-481F-9209-74BDA222416A}.Debug|Any CPU.Build.0 = Debug|Any CPU
		{115D52CD-9D59-481F-9209-74BDA222416A}.Debug|Any CPU.Deploy.0 = Debug|Any CPU
		{115D52CD-9D59-481F-9209-74BDA222416A}.Debug|ARM.ActiveCfg = Debug|Any CPU
		{115D52CD-9D59-481F-9209-74BDA222416A}.Debug|ARM.Build.0 = Debug|Any CPU
		{115D52CD-9D59-481F-9209-74BDA222416A}.Debug|ARM.Deploy.0 = Debug|Any CPU
		{115D52CD-9D59-481F-9209-74BDA222416A}.Debug|iPhone.ActiveCfg = Debug|Any CPU
		{115D52CD-9D59-481F-9209-74BDA222416A}.Debug|iPhone.Build.0 = Debug|Any CPU
		{115D52CD-9D59-481F-9209-74BDA222416A}.Debug|iPhone.Deploy.0 = Debug|Any CPU
		{115D52CD-9D59-481F-9209-74BDA222416A}.Debug|iPhoneSimulator.ActiveCfg = Debug|Any CPU
		{115D52CD-9D59-481F-9209-74BDA222416A}.Debug|iPhoneSimulator.Build.0 = Debug|Any CPU
		{115D52CD-9D59-481F-9209-74BDA222416A}.Debug|iPhoneSimulator.Deploy.0 = Debug|Any CPU
		{115D52CD-9D59-481F-9209-74BDA222416A}.Debug|x64.ActiveCfg = Debug|Any CPU
		{115D52CD-9D59-481F-9209-74BDA222416A}.Debug|x64.Build.0 = Debug|Any CPU
		{115D52CD-9D59-481F-9209-74BDA222416A}.Debug|x64.Deploy.0 = Debug|Any CPU
		{115D52CD-9D59-481F-9209-74BDA222416A}.Debug|x86.ActiveCfg = Debug|Any CPU
		{115D52CD-9D59-481F-9209-74BDA222416A}.Debug|x86.Build.0 = Debug|Any CPU
		{115D52CD-9D59-481F-9209-74BDA222416A}.Debug|x86.Deploy.0 = Debug|Any CPU
		{115D52CD-9D59-481F-9209-74BDA222416A}.DebugPi|Any CPU.ActiveCfg = Debug|Any CPU
		{115D52CD-9D59-481F-9209-74BDA222416A}.DebugPi|Any CPU.Build.0 = Debug|Any CPU
		{115D52CD-9D59-481F-9209-74BDA222416A}.DebugPi|Any CPU.Deploy.0 = Debug|Any CPU
		{115D52CD-9D59-481F-9209-74BDA222416A}.DebugPi|ARM.ActiveCfg = Debug|Any CPU
		{115D52CD-9D59-481F-9209-74BDA222416A}.DebugPi|ARM.Build.0 = Debug|Any CPU
		{115D52CD-9D59-481F-9209-74BDA222416A}.DebugPi|ARM.Deploy.0 = Debug|Any CPU
		{115D52CD-9D59-481F-9209-74BDA222416A}.DebugPi|iPhone.ActiveCfg = Debug|Any CPU
		{115D52CD-9D59-481F-9209-74BDA222416A}.DebugPi|iPhone.Build.0 = Debug|Any CPU
		{115D52CD-9D59-481F-9209-74BDA222416A}.DebugPi|iPhone.Deploy.0 = Debug|Any CPU
		{115D52CD-9D59-481F-9209-74BDA222416A}.DebugPi|iPhoneSimulator.ActiveCfg = Debug|Any CPU
		{115D52CD-9D59-481F-9209-74BDA222416A}.DebugPi|iPhoneSimulator.Build.0 = Debug|Any CPU
		{115D52CD-9D59-481F-9209-74BDA222416A}.DebugPi|iPhoneSimulator.Deploy.0 = Debug|Any CPU
		{115D52CD-9D59-481F-9209-74BDA222416A}.DebugPi|x64.ActiveCfg = Debug|Any CPU
		{115D52CD-9D59-481F-9209-74BDA222416A}.DebugPi|x64.Build.0 = Debug|Any CPU
		{115D52CD-9D59-481F-9209-74BDA222416A}.DebugPi|x64.Deploy.0 = Debug|Any CPU
		{115D52CD-9D59-481F-9209-74BDA222416A}.DebugPi|x86.ActiveCfg = Debug|Any CPU
		{115D52CD-9D59-481F-9209-74BDA222416A}.DebugPi|x86.Build.0 = Debug|Any CPU
		{115D52CD-9D59-481F-9209-74BDA222416A}.DebugPi|x86.Deploy.0 = Debug|Any CPU
		{115D52CD-9D59-481F-9209-74BDA222416A}.Release|Any CPU.ActiveCfg = Release|Any CPU
		{115D52CD-9D59-481F-9209-74BDA222416A}.Release|Any CPU.Build.0 = Release|Any CPU
		{115D52CD-9D59-481F-9209-74BDA222416A}.Release|Any CPU.Deploy.0 = Release|Any CPU
		{115D52CD-9D59-481F-9209-74BDA222416A}.Release|ARM.ActiveCfg = Release|Any CPU
		{115D52CD-9D59-481F-9209-74BDA222416A}.Release|ARM.Build.0 = Release|Any CPU
		{115D52CD-9D59-481F-9209-74BDA222416A}.Release|ARM.Deploy.0 = Release|Any CPU
		{115D52CD-9D59-481F-9209-74BDA222416A}.Release|iPhone.ActiveCfg = Release|Any CPU
		{115D52CD-9D59-481F-9209-74BDA222416A}.Release|iPhone.Build.0 = Release|Any CPU
		{115D52CD-9D59-481F-9209-74BDA222416A}.Release|iPhone.Deploy.0 = Release|Any CPU
		{115D52CD-9D59-481F-9209-74BDA222416A}.Release|iPhoneSimulator.ActiveCfg = Release|Any CPU
		{115D52CD-9D59-481F-9209-74BDA222416A}.Release|iPhoneSimulator.Build.0 = Release|Any CPU
		{115D52CD-9D59-481F-9209-74BDA222416A}.Release|iPhoneSimulator.Deploy.0 = Release|Any CPU
		{115D52CD-9D59-481F-9209-74BDA222416A}.Release|x64.ActiveCfg = Release|Any CPU
		{115D52CD-9D59-481F-9209-74BDA222416A}.Release|x64.Build.0 = Release|Any CPU
		{115D52CD-9D59-481F-9209-74BDA222416A}.Release|x64.Deploy.0 = Release|Any CPU
		{115D52CD-9D59-481F-9209-74BDA222416A}.Release|x86.ActiveCfg = Release|Any CPU
		{115D52CD-9D59-481F-9209-74BDA222416A}.Release|x86.Build.0 = Release|Any CPU
		{115D52CD-9D59-481F-9209-74BDA222416A}.Release|x86.Deploy.0 = Release|Any CPU
		{BA8CD737-E8D1-4FF2-90A6-696D407C468D}.Debug|Any CPU.ActiveCfg = Debug|iPhone
		{BA8CD737-E8D1-4FF2-90A6-696D407C468D}.Debug|ARM.ActiveCfg = Debug|iPhone
		{BA8CD737-E8D1-4FF2-90A6-696D407C468D}.Debug|iPhone.ActiveCfg = Debug|iPhone
		{BA8CD737-E8D1-4FF2-90A6-696D407C468D}.Debug|iPhone.Build.0 = Debug|iPhone
		{BA8CD737-E8D1-4FF2-90A6-696D407C468D}.Debug|iPhoneSimulator.ActiveCfg = Debug|iPhoneSimulator
		{BA8CD737-E8D1-4FF2-90A6-696D407C468D}.Debug|iPhoneSimulator.Build.0 = Debug|iPhoneSimulator
		{BA8CD737-E8D1-4FF2-90A6-696D407C468D}.Debug|x64.ActiveCfg = Debug|iPhone
		{BA8CD737-E8D1-4FF2-90A6-696D407C468D}.Debug|x86.ActiveCfg = Debug|iPhone
		{BA8CD737-E8D1-4FF2-90A6-696D407C468D}.DebugPi|Any CPU.ActiveCfg = Release|iPhone
		{BA8CD737-E8D1-4FF2-90A6-696D407C468D}.DebugPi|Any CPU.Build.0 = Release|iPhone
		{BA8CD737-E8D1-4FF2-90A6-696D407C468D}.DebugPi|ARM.ActiveCfg = Release|iPhone
		{BA8CD737-E8D1-4FF2-90A6-696D407C468D}.DebugPi|ARM.Build.0 = Release|iPhone
		{BA8CD737-E8D1-4FF2-90A6-696D407C468D}.DebugPi|iPhone.ActiveCfg = Debug|iPhone
		{BA8CD737-E8D1-4FF2-90A6-696D407C468D}.DebugPi|iPhone.Build.0 = Debug|iPhone
		{BA8CD737-E8D1-4FF2-90A6-696D407C468D}.DebugPi|iPhoneSimulator.ActiveCfg = Debug|iPhoneSimulator
		{BA8CD737-E8D1-4FF2-90A6-696D407C468D}.DebugPi|iPhoneSimulator.Build.0 = Debug|iPhoneSimulator
		{BA8CD737-E8D1-4FF2-90A6-696D407C468D}.DebugPi|x64.ActiveCfg = Release|iPhone
		{BA8CD737-E8D1-4FF2-90A6-696D407C468D}.DebugPi|x64.Build.0 = Release|iPhone
		{BA8CD737-E8D1-4FF2-90A6-696D407C468D}.DebugPi|x86.ActiveCfg = Release|iPhone
		{BA8CD737-E8D1-4FF2-90A6-696D407C468D}.DebugPi|x86.Build.0 = Release|iPhone
		{BA8CD737-E8D1-4FF2-90A6-696D407C468D}.Release|Any CPU.ActiveCfg = Release|iPhone
		{BA8CD737-E8D1-4FF2-90A6-696D407C468D}.Release|ARM.ActiveCfg = Release|iPhone
		{BA8CD737-E8D1-4FF2-90A6-696D407C468D}.Release|iPhone.ActiveCfg = Release|iPhone
		{BA8CD737-E8D1-4FF2-90A6-696D407C468D}.Release|iPhone.Build.0 = Release|iPhone
		{BA8CD737-E8D1-4FF2-90A6-696D407C468D}.Release|iPhoneSimulator.ActiveCfg = Release|iPhoneSimulator
		{BA8CD737-E8D1-4FF2-90A6-696D407C468D}.Release|iPhoneSimulator.Build.0 = Release|iPhoneSimulator
		{BA8CD737-E8D1-4FF2-90A6-696D407C468D}.Release|x64.ActiveCfg = Release|iPhone
		{BA8CD737-E8D1-4FF2-90A6-696D407C468D}.Release|x86.ActiveCfg = Release|iPhone
		{AB305376-5148-412A-805E-CF19349CDC22}.Debug|Any CPU.ActiveCfg = Debug|Any CPU
		{AB305376-5148-412A-805E-CF19349CDC22}.Debug|Any CPU.Build.0 = Debug|Any CPU
		{AB305376-5148-412A-805E-CF19349CDC22}.Debug|ARM.ActiveCfg = Debug|Any CPU
		{AB305376-5148-412A-805E-CF19349CDC22}.Debug|ARM.Build.0 = Debug|Any CPU
		{AB305376-5148-412A-805E-CF19349CDC22}.Debug|iPhone.ActiveCfg = Debug|Any CPU
		{AB305376-5148-412A-805E-CF19349CDC22}.Debug|iPhone.Build.0 = Debug|Any CPU
		{AB305376-5148-412A-805E-CF19349CDC22}.Debug|iPhoneSimulator.ActiveCfg = Debug|Any CPU
		{AB305376-5148-412A-805E-CF19349CDC22}.Debug|iPhoneSimulator.Build.0 = Debug|Any CPU
		{AB305376-5148-412A-805E-CF19349CDC22}.Debug|x64.ActiveCfg = Debug|Any CPU
		{AB305376-5148-412A-805E-CF19349CDC22}.Debug|x64.Build.0 = Debug|Any CPU
		{AB305376-5148-412A-805E-CF19349CDC22}.Debug|x86.ActiveCfg = Debug|Any CPU
		{AB305376-5148-412A-805E-CF19349CDC22}.Debug|x86.Build.0 = Debug|Any CPU
		{AB305376-5148-412A-805E-CF19349CDC22}.DebugPi|Any CPU.ActiveCfg = Debug|Any CPU
		{AB305376-5148-412A-805E-CF19349CDC22}.DebugPi|Any CPU.Build.0 = Debug|Any CPU
		{AB305376-5148-412A-805E-CF19349CDC22}.DebugPi|ARM.ActiveCfg = Debug|Any CPU
		{AB305376-5148-412A-805E-CF19349CDC22}.DebugPi|ARM.Build.0 = Debug|Any CPU
		{AB305376-5148-412A-805E-CF19349CDC22}.DebugPi|iPhone.ActiveCfg = Debug|Any CPU
		{AB305376-5148-412A-805E-CF19349CDC22}.DebugPi|iPhone.Build.0 = Debug|Any CPU
		{AB305376-5148-412A-805E-CF19349CDC22}.DebugPi|iPhoneSimulator.ActiveCfg = Debug|Any CPU
		{AB305376-5148-412A-805E-CF19349CDC22}.DebugPi|iPhoneSimulator.Build.0 = Debug|Any CPU
		{AB305376-5148-412A-805E-CF19349CDC22}.DebugPi|x64.ActiveCfg = Debug|Any CPU
		{AB305376-5148-412A-805E-CF19349CDC22}.DebugPi|x64.Build.0 = Debug|Any CPU
		{AB305376-5148-412A-805E-CF19349CDC22}.DebugPi|x86.ActiveCfg = Debug|Any CPU
		{AB305376-5148-412A-805E-CF19349CDC22}.DebugPi|x86.Build.0 = Debug|Any CPU
		{AB305376-5148-412A-805E-CF19349CDC22}.Release|Any CPU.ActiveCfg = Release|Any CPU
		{AB305376-5148-412A-805E-CF19349CDC22}.Release|Any CPU.Build.0 = Release|Any CPU
		{AB305376-5148-412A-805E-CF19349CDC22}.Release|ARM.ActiveCfg = Release|Any CPU
		{AB305376-5148-412A-805E-CF19349CDC22}.Release|ARM.Build.0 = Release|Any CPU
		{AB305376-5148-412A-805E-CF19349CDC22}.Release|iPhone.ActiveCfg = Release|Any CPU
		{AB305376-5148-412A-805E-CF19349CDC22}.Release|iPhone.Build.0 = Release|Any CPU
		{AB305376-5148-412A-805E-CF19349CDC22}.Release|iPhoneSimulator.ActiveCfg = Release|Any CPU
		{AB305376-5148-412A-805E-CF19349CDC22}.Release|iPhoneSimulator.Build.0 = Release|Any CPU
		{AB305376-5148-412A-805E-CF19349CDC22}.Release|x64.ActiveCfg = Release|Any CPU
		{AB305376-5148-412A-805E-CF19349CDC22}.Release|x64.Build.0 = Release|Any CPU
		{AB305376-5148-412A-805E-CF19349CDC22}.Release|x86.ActiveCfg = Release|Any CPU
		{AB305376-5148-412A-805E-CF19349CDC22}.Release|x86.Build.0 = Release|Any CPU
	EndGlobalSection
	GlobalSection(SolutionProperties) = preSolution
		HideSolutionNode = FALSE
	EndGlobalSection
	GlobalSection(ExtensibilityGlobals) = postSolution
		SolutionGuid = {10E08313-410C-45F9-9BD2-D32C55F207B8}
	EndGlobalSection
EndGlobal
